
Microsoft Visual Studio Solution File, Format Version 12.00
# Visual Studio 15
VisualStudioVersion = 15.0.27130.2036
MinimumVisualStudioVersion = 10.0.40219.1
Project("{FAE04EC0-301F-11D3-BF4B-00C04F79EFBC}") = "UMLToEFConverter", "UMLToMVCConverter\UMLToEFConverter.csproj", "{0AB93E32-BD05-4586-A424-40DB1CAA912F}"
EndProject
Project("{9A19103F-16F7-4668-BE54-9A1E7A4F7556}") = "MigrationsService", "MigrationsService\MigrationsService.csproj", "{6EE1108B-C5DE-4D31-826B-37E29F059194}"
EndProject
Project("{9A19103F-16F7-4668-BE54-9A1E7A4F7556}") = "MigrationsServiceTests", "MigrationsServiceTests\MigrationsServiceTests.csproj", "{8B3DEE8D-DADD-4840-9082-87EDAED994A9}"
EndProject
Project("{9A19103F-16F7-4668-BE54-9A1E7A4F7556}") = "WebApplication1", "WebApplication1\WebApplication1.csproj", "{CE008EBA-6E9A-4705-9C27-A03FF17673C5}"
EndProject
Project("{9A19103F-16F7-4668-BE54-9A1E7A4F7556}") = "WebApplication2", "WebApplication2\WebApplication2.csproj", "{DCBEDAC5-0497-40DE-ABCC-C161AAFB48B4}"
EndProject
Project("{2150E333-8FDC-42A3-9474-1A3956D46DE8}") = "Solution Items", "Solution Items", "{4333BC73-09F8-4591-A2DB-54C20E8F49F3}"
	ProjectSection(SolutionItems) = preProject
		command line arguments sets.txt = command line arguments sets.txt
	EndProjectSection
EndProject
Project("{FAE04EC0-301F-11D3-BF4B-00C04F79EFBC}") = "UMLToEFConverterTests", "UMLToEFConverterTests\UMLToEFConverterTests.csproj", "{23D00267-FB29-4D34-A4E0-0A282470036F}"
EndProject
Project("{9A19103F-16F7-4668-BE54-9A1E7A4F7556}") = "WebApplication3", "WebApplication3\WebApplication3.csproj", "{5D9ECB85-6ABA-4707-AC73-D8D4ED37D79D}"
EndProject
Project("{FAE04EC0-301F-11D3-BF4B-00C04F79EFBC}") = "WebApplication4", "WebApplication4\WebApplication4.csproj", "{4D87AD66-7D42-4B42-ACC0-739BAF982EEF}"
EndProject
Global
	GlobalSection(SolutionConfigurationPlatforms) = preSolution
		Debug|Any CPU = Debug|Any CPU
		Release|Any CPU = Release|Any CPU
	EndGlobalSection
	GlobalSection(ProjectConfigurationPlatforms) = postSolution
		{0AB93E32-BD05-4586-A424-40DB1CAA912F}.Debug|Any CPU.ActiveCfg = Debug|Any CPU
		{0AB93E32-BD05-4586-A424-40DB1CAA912F}.Debug|Any CPU.Build.0 = Debug|Any CPU
		{0AB93E32-BD05-4586-A424-40DB1CAA912F}.Release|Any CPU.ActiveCfg = Release|Any CPU
		{0AB93E32-BD05-4586-A424-40DB1CAA912F}.Release|Any CPU.Build.0 = Release|Any CPU
		{6EE1108B-C5DE-4D31-826B-37E29F059194}.Debug|Any CPU.ActiveCfg = Debug|Any CPU
		{6EE1108B-C5DE-4D31-826B-37E29F059194}.Debug|Any CPU.Build.0 = Debug|Any CPU
		{6EE1108B-C5DE-4D31-826B-37E29F059194}.Release|Any CPU.ActiveCfg = Release|Any CPU
		{6EE1108B-C5DE-4D31-826B-37E29F059194}.Release|Any CPU.Build.0 = Release|Any CPU
		{8B3DEE8D-DADD-4840-9082-87EDAED994A9}.Debug|Any CPU.ActiveCfg = Debug|Any CPU
		{8B3DEE8D-DADD-4840-9082-87EDAED994A9}.Debug|Any CPU.Build.0 = Debug|Any CPU
		{8B3DEE8D-DADD-4840-9082-87EDAED994A9}.Release|Any CPU.ActiveCfg = Release|Any CPU
		{8B3DEE8D-DADD-4840-9082-87EDAED994A9}.Release|Any CPU.Build.0 = Release|Any CPU
		{CE008EBA-6E9A-4705-9C27-A03FF17673C5}.Debug|Any CPU.ActiveCfg = Debug|Any CPU
		{CE008EBA-6E9A-4705-9C27-A03FF17673C5}.Debug|Any CPU.Build.0 = Debug|Any CPU
		{CE008EBA-6E9A-4705-9C27-A03FF17673C5}.Release|Any CPU.ActiveCfg = Release|Any CPU
		{CE008EBA-6E9A-4705-9C27-A03FF17673C5}.Release|Any CPU.Build.0 = Release|Any CPU
		{DCBEDAC5-0497-40DE-ABCC-C161AAFB48B4}.Debug|Any CPU.ActiveCfg = Debug|Any CPU
		{DCBEDAC5-0497-40DE-ABCC-C161AAFB48B4}.Debug|Any CPU.Build.0 = Debug|Any CPU
		{DCBEDAC5-0497-40DE-ABCC-C161AAFB48B4}.Release|Any CPU.ActiveCfg = Release|Any CPU
		{DCBEDAC5-0497-40DE-ABCC-C161AAFB48B4}.Release|Any CPU.Build.0 = Release|Any CPU
		{23D00267-FB29-4D34-A4E0-0A282470036F}.Debug|Any CPU.ActiveCfg = Debug|Any CPU
		{23D00267-FB29-4D34-A4E0-0A282470036F}.Debug|Any CPU.Build.0 = Debug|Any CPU
		{23D00267-FB29-4D34-A4E0-0A282470036F}.Release|Any CPU.ActiveCfg = Release|Any CPU
		{23D00267-FB29-4D34-A4E0-0A282470036F}.Release|Any CPU.Build.0 = Release|Any CPU
		{5D9ECB85-6ABA-4707-AC73-D8D4ED37D79D}.Debug|Any CPU.ActiveCfg = Debug|Any CPU
		{5D9ECB85-6ABA-4707-AC73-D8D4ED37D79D}.Debug|Any CPU.Build.0 = Debug|Any CPU
		{5D9ECB85-6ABA-4707-AC73-D8D4ED37D79D}.Release|Any CPU.ActiveCfg = Release|Any CPU
		{5D9ECB85-6ABA-4707-AC73-D8D4ED37D79D}.Release|Any CPU.Build.0 = Release|Any CPU
		{4D87AD66-7D42-4B42-ACC0-739BAF982EEF}.Debug|Any CPU.ActiveCfg = Debug|Any CPU
		{4D87AD66-7D42-4B42-ACC0-739BAF982EEF}.Debug|Any CPU.Build.0 = Debug|Any CPU
		{4D87AD66-7D42-4B42-ACC0-739BAF982EEF}.Release|Any CPU.ActiveCfg = Release|Any CPU
		{4D87AD66-7D42-4B42-ACC0-739BAF982EEF}.Release|Any CPU.Build.0 = Release|Any CPU
	EndGlobalSection
	GlobalSection(SolutionProperties) = preSolution
		HideSolutionNode = FALSE
	EndGlobalSection
	GlobalSection(ExtensibilityGlobals) = postSolution
		SolutionGuid = {6B53F152-F843-4414-9862-B818AEB6DA70}
	EndGlobalSection
EndGlobal
